// !$*UTF8*$!
{
	archiveVersion = 1;
	classes = {
	};
	objectVersion = 50;
	objects = {

/* Begin PBXBuildFile section */
		9466D06623CE09A200E3C10F /* GFEmptySatateView.swift in Sources */ = {isa = PBXBuildFile; fileRef = 9466D06523CE09A200E3C10F /* GFEmptySatateView.swift */; };
		9489185A23BF4FF600C5A1F1 /* FollowerListVC.swift in Sources */ = {isa = PBXBuildFile; fileRef = 9489185923BF4FF600C5A1F1 /* FollowerListVC.swift */; };
		9489185C23BF659200C5A1F1 /* GFTitleLabel.swift in Sources */ = {isa = PBXBuildFile; fileRef = 9489185B23BF659200C5A1F1 /* GFTitleLabel.swift */; };
		9489185E23BF66E800C5A1F1 /* GFBodyLabel.swift in Sources */ = {isa = PBXBuildFile; fileRef = 9489185D23BF66E800C5A1F1 /* GFBodyLabel.swift */; };
		9489186023BF687700C5A1F1 /* GFAlertVC.swift in Sources */ = {isa = PBXBuildFile; fileRef = 9489185F23BF687700C5A1F1 /* GFAlertVC.swift */; };
		9489186223BF72AA00C5A1F1 /* UIViewController+Ext.swift in Sources */ = {isa = PBXBuildFile; fileRef = 9489186123BF72AA00C5A1F1 /* UIViewController+Ext.swift */; };
		94A0BDF123C223D90004636A /* NetworkManager.swift in Sources */ = {isa = PBXBuildFile; fileRef = 94A0BDF023C223D90004636A /* NetworkManager.swift */; };
		94A0BE3023C251A60004636A /* ErrorMessage.swift in Sources */ = {isa = PBXBuildFile; fileRef = 94A0BE2F23C251A60004636A /* ErrorMessage.swift */; };
		94A0BEB223C456CC0004636A /* FollowerCell.swift in Sources */ = {isa = PBXBuildFile; fileRef = 94A0BEB123C456CC0004636A /* FollowerCell.swift */; };
		94A0BEB423C457470004636A /* GFAvatarImageView.swift in Sources */ = {isa = PBXBuildFile; fileRef = 94A0BEB323C457470004636A /* GFAvatarImageView.swift */; };
		94A1623223B8E451001B9175 /* AppDelegate.swift in Sources */ = {isa = PBXBuildFile; fileRef = 94A1623123B8E451001B9175 /* AppDelegate.swift */; };
		94A1623423B8E451001B9175 /* SceneDelegate.swift in Sources */ = {isa = PBXBuildFile; fileRef = 94A1623323B8E451001B9175 /* SceneDelegate.swift */; };
		94A1623B23B8E452001B9175 /* Assets.xcassets in Resources */ = {isa = PBXBuildFile; fileRef = 94A1623A23B8E452001B9175 /* Assets.xcassets */; };
		94A1623E23B8E452001B9175 /* LaunchScreen.storyboard in Resources */ = {isa = PBXBuildFile; fileRef = 94A1623C23B8E452001B9175 /* LaunchScreen.storyboard */; };
		94A1624623B8EA3A001B9175 /* SearchVC.swift in Sources */ = {isa = PBXBuildFile; fileRef = 94A1624523B8EA3A001B9175 /* SearchVC.swift */; };
		94A1624823B8EA62001B9175 /* FavoritesListVC.swift in Sources */ = {isa = PBXBuildFile; fileRef = 94A1624723B8EA62001B9175 /* FavoritesListVC.swift */; };
		94A1624A23B8FB5D001B9175 /* GFButton.swift in Sources */ = {isa = PBXBuildFile; fileRef = 94A1624923B8FB5D001B9175 /* GFButton.swift */; };
		94A1624C23B9051D001B9175 /* GFTextField.swift in Sources */ = {isa = PBXBuildFile; fileRef = 94A1624B23B9051D001B9175 /* GFTextField.swift */; };
		94B6516623C499D900082E5F /* UIHelper.swift in Sources */ = {isa = PBXBuildFile; fileRef = 94B6516523C499D900082E5F /* UIHelper.swift */; };
		94B68E3C23BF7CD600016AC8 /* Follower.swift in Sources */ = {isa = PBXBuildFile; fileRef = 94B68E3B23BF7CD600016AC8 /* Follower.swift */; };
		94B68E3E23BF7D9400016AC8 /* User.swift in Sources */ = {isa = PBXBuildFile; fileRef = 94B68E3D23BF7D9400016AC8 /* User.swift */; };
/* End PBXBuildFile section */

/* Begin PBXFileReference section */
		9466D06523CE09A200E3C10F /* GFEmptySatateView.swift */ = {isa = PBXFileReference; lastKnownFileType = sourcecode.swift; path = GFEmptySatateView.swift; sourceTree = "<group>"; };
		9489185923BF4FF600C5A1F1 /* FollowerListVC.swift */ = {isa = PBXFileReference; lastKnownFileType = sourcecode.swift; path = FollowerListVC.swift; sourceTree = "<group>"; };
		9489185B23BF659200C5A1F1 /* GFTitleLabel.swift */ = {isa = PBXFileReference; lastKnownFileType = sourcecode.swift; path = GFTitleLabel.swift; sourceTree = "<group>"; };
		9489185D23BF66E800C5A1F1 /* GFBodyLabel.swift */ = {isa = PBXFileReference; lastKnownFileType = sourcecode.swift; path = GFBodyLabel.swift; sourceTree = "<group>"; };
		9489185F23BF687700C5A1F1 /* GFAlertVC.swift */ = {isa = PBXFileReference; lastKnownFileType = sourcecode.swift; path = GFAlertVC.swift; sourceTree = "<group>"; };
		9489186123BF72AA00C5A1F1 /* UIViewController+Ext.swift */ = {isa = PBXFileReference; lastKnownFileType = sourcecode.swift; path = "UIViewController+Ext.swift"; sourceTree = "<group>"; };
		94A0BDF023C223D90004636A /* NetworkManager.swift */ = {isa = PBXFileReference; lastKnownFileType = sourcecode.swift; path = NetworkManager.swift; sourceTree = "<group>"; };
		94A0BE2F23C251A60004636A /* ErrorMessage.swift */ = {isa = PBXFileReference; lastKnownFileType = sourcecode.swift; path = ErrorMessage.swift; sourceTree = "<group>"; };
		94A0BEB123C456CC0004636A /* FollowerCell.swift */ = {isa = PBXFileReference; lastKnownFileType = sourcecode.swift; path = FollowerCell.swift; sourceTree = "<group>"; };
		94A0BEB323C457470004636A /* GFAvatarImageView.swift */ = {isa = PBXFileReference; lastKnownFileType = sourcecode.swift; path = GFAvatarImageView.swift; sourceTree = "<group>"; };
		94A1622E23B8E451001B9175 /* GHFollowers.app */ = {isa = PBXFileReference; explicitFileType = wrapper.application; includeInIndex = 0; path = GHFollowers.app; sourceTree = BUILT_PRODUCTS_DIR; };
		94A1623123B8E451001B9175 /* AppDelegate.swift */ = {isa = PBXFileReference; lastKnownFileType = sourcecode.swift; path = AppDelegate.swift; sourceTree = "<group>"; };
		94A1623323B8E451001B9175 /* SceneDelegate.swift */ = {isa = PBXFileReference; lastKnownFileType = sourcecode.swift; path = SceneDelegate.swift; sourceTree = "<group>"; };
		94A1623A23B8E452001B9175 /* Assets.xcassets */ = {isa = PBXFileReference; lastKnownFileType = folder.assetcatalog; path = Assets.xcassets; sourceTree = "<group>"; };
		94A1623D23B8E452001B9175 /* Base */ = {isa = PBXFileReference; lastKnownFileType = file.storyboard; name = Base; path = Base.lproj/LaunchScreen.storyboard; sourceTree = "<group>"; };
		94A1623F23B8E452001B9175 /* Info.plist */ = {isa = PBXFileReference; lastKnownFileType = text.plist.xml; path = Info.plist; sourceTree = "<group>"; };
		94A1624523B8EA3A001B9175 /* SearchVC.swift */ = {isa = PBXFileReference; lastKnownFileType = sourcecode.swift; path = SearchVC.swift; sourceTree = "<group>"; };
		94A1624723B8EA62001B9175 /* FavoritesListVC.swift */ = {isa = PBXFileReference; lastKnownFileType = sourcecode.swift; path = FavoritesListVC.swift; sourceTree = "<group>"; };
		94A1624923B8FB5D001B9175 /* GFButton.swift */ = {isa = PBXFileReference; lastKnownFileType = sourcecode.swift; path = GFButton.swift; sourceTree = "<group>"; };
		94A1624B23B9051D001B9175 /* GFTextField.swift */ = {isa = PBXFileReference; lastKnownFileType = sourcecode.swift; path = GFTextField.swift; sourceTree = "<group>"; };
		94B6516523C499D900082E5F /* UIHelper.swift */ = {isa = PBXFileReference; lastKnownFileType = sourcecode.swift; path = UIHelper.swift; sourceTree = "<group>"; };
		94B68E3B23BF7CD600016AC8 /* Follower.swift */ = {isa = PBXFileReference; lastKnownFileType = sourcecode.swift; path = Follower.swift; sourceTree = "<group>"; };
		94B68E3D23BF7D9400016AC8 /* User.swift */ = {isa = PBXFileReference; lastKnownFileType = sourcecode.swift; path = User.swift; sourceTree = "<group>"; };
/* End PBXFileReference section */

/* Begin PBXFrameworksBuildPhase section */
		94A1622B23B8E451001B9175 /* Frameworks */ = {
			isa = PBXFrameworksBuildPhase;
			buildActionMask = 2147483647;
			files = (
			);
			runOnlyForDeploymentPostprocessing = 0;
		};
/* End PBXFrameworksBuildPhase section */

/* Begin PBXGroup section */
		9466D05F23CE092000E3C10F /* Views */ = {
			isa = PBXGroup;
			children = (
				9466D06523CE09A200E3C10F /* GFEmptySatateView.swift */,
			);
			path = Views;
			sourceTree = "<group>";
		};
		9466D06023CE092B00E3C10F /* Buttons */ = {
			isa = PBXGroup;
			children = (
				94A1624923B8FB5D001B9175 /* GFButton.swift */,
			);
			path = Buttons;
			sourceTree = "<group>";
		};
		9466D06123CE093000E3C10F /* TextFields */ = {
			isa = PBXGroup;
			children = (
				94A1624B23B9051D001B9175 /* GFTextField.swift */,
			);
			path = TextFields;
			sourceTree = "<group>";
		};
		9466D06223CE093900E3C10F /* ImageViews */ = {
			isa = PBXGroup;
			children = (
				94A0BEB323C457470004636A /* GFAvatarImageView.swift */,
			);
			path = ImageViews;
			sourceTree = "<group>";
		};
		9466D06323CE094100E3C10F /* ViewControllers */ = {
			isa = PBXGroup;
			children = (
				9489185F23BF687700C5A1F1 /* GFAlertVC.swift */,
			);
			path = ViewControllers;
			sourceTree = "<group>";
		};
		9466D06423CE094F00E3C10F /* Labels */ = {
			isa = PBXGroup;
			children = (
				9489185B23BF659200C5A1F1 /* GFTitleLabel.swift */,
				9489185D23BF66E800C5A1F1 /* GFBodyLabel.swift */,
			);
			path = Labels;
			sourceTree = "<group>";
		};
		94A0BDEF23C223BC0004636A /* Managers */ = {
			isa = PBXGroup;
			children = (
				94A0BDF023C223D90004636A /* NetworkManager.swift */,
			);
			path = Managers;
			sourceTree = "<group>";
		};
		94A0BE2E23C251970004636A /* Utilities */ = {
			isa = PBXGroup;
			children = (
				94A0BE2F23C251A60004636A /* ErrorMessage.swift */,
				94B6516523C499D900082E5F /* UIHelper.swift */,
			);
			path = Utilities;
			sourceTree = "<group>";
		};
		94A0BEB023C4569D0004636A /* Cells */ = {
			isa = PBXGroup;
			children = (
				94A0BEB123C456CC0004636A /* FollowerCell.swift */,
			);
			path = Cells;
			sourceTree = "<group>";
		};
		94A1622523B8E451001B9175 = {
			isa = PBXGroup;
			children = (
				94A1623023B8E451001B9175 /* GHFollowers */,
				94A1622F23B8E451001B9175 /* Products */,
			);
			sourceTree = "<group>";
		};
		94A1622F23B8E451001B9175 /* Products */ = {
			isa = PBXGroup;
			children = (
				94A1622E23B8E451001B9175 /* GHFollowers.app */,
			);
			name = Products;
			sourceTree = "<group>";
		};
		94A1623023B8E451001B9175 /* GHFollowers */ = {
			isa = PBXGroup;
			children = (
				94A0BE2E23C251970004636A /* Utilities */,
				94A0BDEF23C223BC0004636A /* Managers */,
				94B68E3A23BF7C7A00016AC8 /* Model */,
				94B68E3923BF784D00016AC8 /* Support */,
				94B68E3823BF77F000016AC8 /* Extensions */,
				94B68E3723BF77BE00016AC8 /* Custom Views */,
				94B68E3623BF778C00016AC8 /* Screens */,
				94A1623F23B8E452001B9175 /* Info.plist */,
			);
			path = GHFollowers;
			sourceTree = "<group>";
		};
		94B68E3623BF778C00016AC8 /* Screens */ = {
			isa = PBXGroup;
			children = (
				94A1624523B8EA3A001B9175 /* SearchVC.swift */,
				94A1624723B8EA62001B9175 /* FavoritesListVC.swift */,
				9489185923BF4FF600C5A1F1 /* FollowerListVC.swift */,
			);
			path = Screens;
			sourceTree = "<group>";
		};
		94B68E3723BF77BE00016AC8 /* Custom Views */ = {
			isa = PBXGroup;
			children = (
				9466D06423CE094F00E3C10F /* Labels */,
				9466D06323CE094100E3C10F /* ViewControllers */,
				9466D06223CE093900E3C10F /* ImageViews */,
				9466D06123CE093000E3C10F /* TextFields */,
				9466D06023CE092B00E3C10F /* Buttons */,
				9466D05F23CE092000E3C10F /* Views */,
				94A0BEB023C4569D0004636A /* Cells */,
			);
			path = "Custom Views";
			sourceTree = "<group>";
		};
		94B68E3823BF77F000016AC8 /* Extensions */ = {
			isa = PBXGroup;
			children = (
				9489186123BF72AA00C5A1F1 /* UIViewController+Ext.swift */,
			);
			path = Extensions;
			sourceTree = "<group>";
		};
		94B68E3923BF784D00016AC8 /* Support */ = {
			isa = PBXGroup;
			children = (
				94A1623123B8E451001B9175 /* AppDelegate.swift */,
				94A1623323B8E451001B9175 /* SceneDelegate.swift */,
				94A1623A23B8E452001B9175 /* Assets.xcassets */,
				94A1623C23B8E452001B9175 /* LaunchScreen.storyboard */,
			);
			path = Support;
			sourceTree = "<group>";
		};
		94B68E3A23BF7C7A00016AC8 /* Model */ = {
			isa = PBXGroup;
			children = (
				94B68E3B23BF7CD600016AC8 /* Follower.swift */,
				94B68E3D23BF7D9400016AC8 /* User.swift */,
			);
			path = Model;
			sourceTree = "<group>";
		};
/* End PBXGroup section */

/* Begin PBXNativeTarget section */
		94A1622D23B8E451001B9175 /* GHFollowers */ = {
			isa = PBXNativeTarget;
			buildConfigurationList = 94A1624223B8E452001B9175 /* Build configuration list for PBXNativeTarget "GHFollowers" */;
			buildPhases = (
				94A1622A23B8E451001B9175 /* Sources */,
				94A1622B23B8E451001B9175 /* Frameworks */,
				94A1622C23B8E451001B9175 /* Resources */,
			);
			buildRules = (
			);
			dependencies = (
			);
			name = GHFollowers;
			productName = GHFollowers;
			productReference = 94A1622E23B8E451001B9175 /* GHFollowers.app */;
			productType = "com.apple.product-type.application";
		};
/* End PBXNativeTarget section */

/* Begin PBXProject section */
		94A1622623B8E451001B9175 /* Project object */ = {
			isa = PBXProject;
			attributes = {
				LastSwiftUpdateCheck = 1130;
				LastUpgradeCheck = 1130;
				ORGANIZATIONNAME = ImTech;
				TargetAttributes = {
					94A1622D23B8E451001B9175 = {
						CreatedOnToolsVersion = 11.3;
					};
				};
			};
			buildConfigurationList = 94A1622923B8E451001B9175 /* Build configuration list for PBXProject "GHFollowers" */;
			compatibilityVersion = "Xcode 9.3";
			developmentRegion = en;
			hasScannedForEncodings = 0;
			knownRegions = (
				en,
				Base,
			);
			mainGroup = 94A1622523B8E451001B9175;
			productRefGroup = 94A1622F23B8E451001B9175 /* Products */;
			projectDirPath = "";
			projectRoot = "";
			targets = (
				94A1622D23B8E451001B9175 /* GHFollowers */,
			);
		};
/* End PBXProject section */

/* Begin PBXResourcesBuildPhase section */
		94A1622C23B8E451001B9175 /* Resources */ = {
			isa = PBXResourcesBuildPhase;
			buildActionMask = 2147483647;
			files = (
				94A1623E23B8E452001B9175 /* LaunchScreen.storyboard in Resources */,
				94A1623B23B8E452001B9175 /* Assets.xcassets in Resources */,
			);
			runOnlyForDeploymentPostprocessing = 0;
		};
/* End PBXResourcesBuildPhase section */

/* Begin PBXSourcesBuildPhase section */
		94A1622A23B8E451001B9175 /* Sources */ = {
			isa = PBXSourcesBuildPhase;
			buildActionMask = 2147483647;
			files = (
				94B68E3E23BF7D9400016AC8 /* User.swift in Sources */,
				94A1624823B8EA62001B9175 /* FavoritesListVC.swift in Sources */,
				94A1624623B8EA3A001B9175 /* SearchVC.swift in Sources */,
				94A1624A23B8FB5D001B9175 /* GFButton.swift in Sources */,
				9489186223BF72AA00C5A1F1 /* UIViewController+Ext.swift in Sources */,
				94B6516623C499D900082E5F /* UIHelper.swift in Sources */,
				9466D06623CE09A200E3C10F /* GFEmptySatateView.swift in Sources */,
				94A0BEB423C457470004636A /* GFAvatarImageView.swift in Sources */,
				94A1623223B8E451001B9175 /* AppDelegate.swift in Sources */,
				9489186023BF687700C5A1F1 /* GFAlertVC.swift in Sources */,
				94A0BEB223C456CC0004636A /* FollowerCell.swift in Sources */,
				94A0BE3023C251A60004636A /* ErrorMessage.swift in Sources */,
				9489185E23BF66E800C5A1F1 /* GFBodyLabel.swift in Sources */,
				94B68E3C23BF7CD600016AC8 /* Follower.swift in Sources */,
				9489185C23BF659200C5A1F1 /* GFTitleLabel.swift in Sources */,
				94A0BDF123C223D90004636A /* NetworkManager.swift in Sources */,
				94A1623423B8E451001B9175 /* SceneDelegate.swift in Sources */,
				9489185A23BF4FF600C5A1F1 /* FollowerListVC.swift in Sources */,
				94A1624C23B9051D001B9175 /* GFTextField.swift in Sources */,
			);
			runOnlyForDeploymentPostprocessing = 0;
		};
/* End PBXSourcesBuildPhase section */

/* Begin PBXVariantGroup section */
		94A1623C23B8E452001B9175 /* LaunchScreen.storyboard */ = {
			isa = PBXVariantGroup;
			children = (
				94A1623D23B8E452001B9175 /* Base */,
			);
			name = LaunchScreen.storyboard;
			sourceTree = "<group>";
		};
/* End PBXVariantGroup section */

/* Begin XCBuildConfiguration section */
		94A1624023B8E452001B9175 /* Debug */ = {
			isa = XCBuildConfiguration;
			buildSettings = {
				ALWAYS_SEARCH_USER_PATHS = NO;
				CLANG_ANALYZER_NONNULL = YES;
				CLANG_ANALYZER_NUMBER_OBJECT_CONVERSION = YES_AGGRESSIVE;
				CLANG_CXX_LANGUAGE_STANDARD = "gnu++14";
				CLANG_CXX_LIBRARY = "libc++";
				CLANG_ENABLE_MODULES = YES;
				CLANG_ENABLE_OBJC_ARC = YES;
				CLANG_ENABLE_OBJC_WEAK = YES;
				CLANG_WARN_BLOCK_CAPTURE_AUTORELEASING = YES;
				CLANG_WARN_BOOL_CONVERSION = YES;
				CLANG_WARN_COMMA = YES;
				CLANG_WARN_CONSTANT_CONVERSION = YES;
				CLANG_WARN_DEPRECATED_OBJC_IMPLEMENTATIONS = YES;
				CLANG_WARN_DIRECT_OBJC_ISA_USAGE = YES_ERROR;
				CLANG_WARN_DOCUMENTATION_COMMENTS = YES;
				CLANG_WARN_EMPTY_BODY = YES;
				CLANG_WARN_ENUM_CONVERSION = YES;
				CLANG_WARN_INFINITE_RECURSION = YES;
				CLANG_WARN_INT_CONVERSION = YES;
				CLANG_WARN_NON_LITERAL_NULL_CONVERSION = YES;
				CLANG_WARN_OBJC_IMPLICIT_RETAIN_SELF = YES;
				CLANG_WARN_OBJC_LITERAL_CONVERSION = YES;
				CLANG_WARN_OBJC_ROOT_CLASS = YES_ERROR;
				CLANG_WARN_RANGE_LOOP_ANALYSIS = YES;
				CLANG_WARN_STRICT_PROTOTYPES = YES;
				CLANG_WARN_SUSPICIOUS_MOVE = YES;
				CLANG_WARN_UNGUARDED_AVAILABILITY = YES_AGGRESSIVE;
				CLANG_WARN_UNREACHABLE_CODE = YES;
				CLANG_WARN__DUPLICATE_METHOD_MATCH = YES;
				COPY_PHASE_STRIP = NO;
				DEBUG_INFORMATION_FORMAT = dwarf;
				ENABLE_STRICT_OBJC_MSGSEND = YES;
				ENABLE_TESTABILITY = YES;
				GCC_C_LANGUAGE_STANDARD = gnu11;
				GCC_DYNAMIC_NO_PIC = NO;
				GCC_NO_COMMON_BLOCKS = YES;
				GCC_OPTIMIZATION_LEVEL = 0;
				GCC_PREPROCESSOR_DEFINITIONS = (
					"DEBUG=1",
					"$(inherited)",
				);
				GCC_WARN_64_TO_32_BIT_CONVERSION = YES;
				GCC_WARN_ABOUT_RETURN_TYPE = YES_ERROR;
				GCC_WARN_UNDECLARED_SELECTOR = YES;
				GCC_WARN_UNINITIALIZED_AUTOS = YES_AGGRESSIVE;
				GCC_WARN_UNUSED_FUNCTION = YES;
				GCC_WARN_UNUSED_VARIABLE = YES;
				IPHONEOS_DEPLOYMENT_TARGET = 13.2;
				MTL_ENABLE_DEBUG_INFO = INCLUDE_SOURCE;
				MTL_FAST_MATH = YES;
				ONLY_ACTIVE_ARCH = YES;
				SDKROOT = iphoneos;
				SWIFT_ACTIVE_COMPILATION_CONDITIONS = DEBUG;
				SWIFT_OPTIMIZATION_LEVEL = "-Onone";
			};
			name = Debug;
		};
		94A1624123B8E452001B9175 /* Release */ = {
			isa = XCBuildConfiguration;
			buildSettings = {
				ALWAYS_SEARCH_USER_PATHS = NO;
				CLANG_ANALYZER_NONNULL = YES;
				CLANG_ANALYZER_NUMBER_OBJECT_CONVERSION = YES_AGGRESSIVE;
				CLANG_CXX_LANGUAGE_STANDARD = "gnu++14";
				CLANG_CXX_LIBRARY = "libc++";
				CLANG_ENABLE_MODULES = YES;
				CLANG_ENABLE_OBJC_ARC = YES;
				CLANG_ENABLE_OBJC_WEAK = YES;
				CLANG_WARN_BLOCK_CAPTURE_AUTORELEASING = YES;
				CLANG_WARN_BOOL_CONVERSION = YES;
				CLANG_WARN_COMMA = YES;
				CLANG_WARN_CONSTANT_CONVERSION = YES;
				CLANG_WARN_DEPRECATED_OBJC_IMPLEMENTATIONS = YES;
				CLANG_WARN_DIRECT_OBJC_ISA_USAGE = YES_ERROR;
				CLANG_WARN_DOCUMENTATION_COMMENTS = YES;
				CLANG_WARN_EMPTY_BODY = YES;
				CLANG_WARN_ENUM_CONVERSION = YES;
				CLANG_WARN_INFINITE_RECURSION = YES;
				CLANG_WARN_INT_CONVERSION = YES;
				CLANG_WARN_NON_LITERAL_NULL_CONVERSION = YES;
				CLANG_WARN_OBJC_IMPLICIT_RETAIN_SELF = YES;
				CLANG_WARN_OBJC_LITERAL_CONVERSION = YES;
				CLANG_WARN_OBJC_ROOT_CLASS = YES_ERROR;
				CLANG_WARN_RANGE_LOOP_ANALYSIS = YES;
				CLANG_WARN_STRICT_PROTOTYPES = YES;
				CLANG_WARN_SUSPICIOUS_MOVE = YES;
				CLANG_WARN_UNGUARDED_AVAILABILITY = YES_AGGRESSIVE;
				CLANG_WARN_UNREACHABLE_CODE = YES;
				CLANG_WARN__DUPLICATE_METHOD_MATCH = YES;
				COPY_PHASE_STRIP = NO;
				DEBUG_INFORMATION_FORMAT = "dwarf-with-dsym";
				ENABLE_NS_ASSERTIONS = NO;
				ENABLE_STRICT_OBJC_MSGSEND = YES;
				GCC_C_LANGUAGE_STANDARD = gnu11;
				GCC_NO_COMMON_BLOCKS = YES;
				GCC_WARN_64_TO_32_BIT_CONVERSION = YES;
				GCC_WARN_ABOUT_RETURN_TYPE = YES_ERROR;
				GCC_WARN_UNDECLARED_SELECTOR = YES;
				GCC_WARN_UNINITIALIZED_AUTOS = YES_AGGRESSIVE;
				GCC_WARN_UNUSED_FUNCTION = YES;
				GCC_WARN_UNUSED_VARIABLE = YES;
				IPHONEOS_DEPLOYMENT_TARGET = 13.2;
				MTL_ENABLE_DEBUG_INFO = NO;
				MTL_FAST_MATH = YES;
				SDKROOT = iphoneos;
				SWIFT_COMPILATION_MODE = wholemodule;
				SWIFT_OPTIMIZATION_LEVEL = "-O";
				VALIDATE_PRODUCT = YES;
			};
			name = Release;
		};
		94A1624323B8E452001B9175 /* Debug */ = {
			isa = XCBuildConfiguration;
			buildSettings = {
				ASSETCATALOG_COMPILER_APPICON_NAME = AppIcon;
				CODE_SIGN_STYLE = Automatic;
				DEVELOPMENT_TEAM = 7H2755SB27;
				INFOPLIST_FILE = GHFollowers/Info.plist;
				LD_RUNPATH_SEARCH_PATHS = (
					"$(inherited)",
					"@executable_path/Frameworks",
				);
				PRODUCT_BUNDLE_IDENTIFIER = com.imtech.GHFollowers;
				PRODUCT_NAME = "$(TARGET_NAME)";
				SWIFT_VERSION = 5.0;
				TARGETED_DEVICE_FAMILY = 1;
			};
			name = Debug;
		};
		94A1624423B8E452001B9175 /* Release */ = {
			isa = XCBuildConfiguration;
			buildSettings = {
				ASSETCATALOG_COMPILER_APPICON_NAME = AppIcon;
				CODE_SIGN_STYLE = Automatic;
				DEVELOPMENT_TEAM = 7H2755SB27;
				INFOPLIST_FILE = GHFollowers/Info.plist;
				LD_RUNPATH_SEARCH_PATHS = (
					"$(inherited)",
					"@executable_path/Frameworks",
				);
				PRODUCT_BUNDLE_IDENTIFIER = com.imtech.GHFollowers;
				PRODUCT_NAME = "$(TARGET_NAME)";
				SWIFT_VERSION = 5.0;
				TARGETED_DEVICE_FAMILY = 1;
			};
			name = Release;
		};
/* End XCBuildConfiguration section */

/* Begin XCConfigurationList section */
		94A1622923B8E451001B9175 /* Build configuration list for PBXProject "GHFollowers" */ = {
			isa = XCConfigurationList;
			buildConfigurations = (
				94A1624023B8E452001B9175 /* Debug */,
				94A1624123B8E452001B9175 /* Release */,
			);
			defaultConfigurationIsVisible = 0;
			defaultConfigurationName = Release;
		};
		94A1624223B8E452001B9175 /* Build configuration list for PBXNativeTarget "GHFollowers" */ = {
			isa = XCConfigurationList;
			buildConfigurations = (
				94A1624323B8E452001B9175 /* Debug */,
				94A1624423B8E452001B9175 /* Release */,
			);
			defaultConfigurationIsVisible = 0;
			defaultConfigurationName = Release;
		};
/* End XCConfigurationList section */
	};
	rootObject = 94A1622623B8E451001B9175 /* Project object */;
}
